# This file is @generated by PDM.
# It is not intended for manual editing.

[metadata]
groups = ["default"]
strategy = ["inherit_metadata"]
lock_version = "4.5.0"
content_hash = "sha256:cc4c6caef275a2f36b480f664a349372054e318d22fe2e9b5a0e95922a8bc1b3"

[[metadata.targets]]
requires_python = ">=3.10,<3.11"

[[package]]
name = "click"
version = "8.2.1"
requires_python = ">=3.10"
summary = "Composable command line interface toolkit"
groups = ["default"]
marker = "python_version >= \"3.10\" and python_version < \"3.11\""
dependencies = [
    "colorama; platform_system == \"Windows\"",
]
files = [
    {file = "click-8.2.1-py3-none-any.whl", hash = "sha256:61a3265b914e850b85317d0b3109c7f8cd35a670f963866005d6ef1d5175a12b"},
    {file = "click-8.2.1.tar.gz", hash = "sha256:27c491cc05d968d271d5a1db13e3b5a184636d9d930f148c50b038f0d0646202"},
]

[[package]]
name = "cmasher"
version = "1.9.2"
requires_python = "<4,>=3.10"
summary = "Scientific colormaps for making accessible, informative and 'cmashing' plots"
groups = ["default"]
marker = "python_version >= \"3.10\" and python_version < \"3.11\""
dependencies = [
    "colorspacious>=1.1.0",
    "matplotlib>=3.5",
    "numpy>=1.21.2",
]
files = [
    {file = "cmasher-1.9.2-py3-none-any.whl", hash = "sha256:2fe45fde06051050dda5c023a527ba9066ca21f161c793f22839a6ebe6e4bbbb"},
    {file = "cmasher-1.9.2.tar.gz", hash = "sha256:6c90c2cec87146e3210d3e7f2321fceee38ac7d87c136cd0de25160a14f57ff5"},
]

[[package]]
name = "colorama"
version = "0.4.6"
requires_python = "!=3.0.*,!=3.1.*,!=3.2.*,!=3.3.*,!=3.4.*,!=3.5.*,!=3.6.*,>=2.7"
summary = "Cross-platform colored terminal text."
groups = ["default"]
marker = "python_version >= \"3.10\" and python_version < \"3.11\" and platform_system == \"Windows\""
files = [
    {file = "colorama-0.4.6-py2.py3-none-any.whl", hash = "sha256:4f1d9991f5acc0ca119f9d443620b77f9d6b33703e51011c16baf57afb285fc6"},
    {file = "colorama-0.4.6.tar.gz", hash = "sha256:08695f5cb7ed6e0531a20572697297273c47b8cae5a63ffc6d6ed5c201be6e44"},
]

[[package]]
name = "colorspacious"
version = "1.1.2"
summary = "A powerful, accurate, and easy-to-use Python library for doing colorspace conversions"
groups = ["default"]
marker = "python_version >= \"3.10\" and python_version < \"3.11\""
dependencies = [
    "numpy",
]
files = [
    {file = "colorspacious-1.1.2-py2.py3-none-any.whl", hash = "sha256:c78befa603cea5dccb332464e7dd29e96469eebf6cd5133029153d1e69e3fd6f"},
    {file = "colorspacious-1.1.2.tar.gz", hash = "sha256:5e9072e8cdca889dac445c35c9362a22ccf758e97b00b79ff0d5a7ba3e11b618"},
]

[[package]]
name = "colour-science"
version = "0.4.6"
requires_python = "<3.14,>=3.10"
summary = "Colour Science for Python"
groups = ["default"]
marker = "python_version >= \"3.10\" and python_version < \"3.11\""
dependencies = [
    "imageio<3,>=2",
    "numpy<3,>=1.24",
    "scipy<2,>=1.10",
    "typing-extensions<5,>=4",
]
files = [
    {file = "colour_science-0.4.6-py3-none-any.whl", hash = "sha256:4cd90e6d500c16f3c24225da57031e1944de52fec6b484f5bb3d4ea7d0cfee08"},
    {file = "colour_science-0.4.6.tar.gz", hash = "sha256:be98c2c9b2a5caf0c443431f402599ca9e1cc7d944bb804156803bcc97af4cf0"},
]

[[package]]
name = "contourpy"
version = "1.3.2"
requires_python = ">=3.10"
summary = "Python library for calculating contours of 2D quadrilateral grids"
groups = ["default"]
marker = "python_version >= \"3.10\" and python_version < \"3.11\""
dependencies = [
    "numpy>=1.23",
]
files = [
    {file = "contourpy-1.3.2-cp310-cp310-macosx_10_9_x86_64.whl", hash = "sha256:ba38e3f9f330af820c4b27ceb4b9c7feee5fe0493ea53a8720f4792667465934"},
    {file = "contourpy-1.3.2-cp310-cp310-macosx_11_0_arm64.whl", hash = "sha256:dc41ba0714aa2968d1f8674ec97504a8f7e334f48eeacebcaa6256213acb0989"},
    {file = "contourpy-1.3.2-cp310-cp310-manylinux_2_17_aarch64.manylinux2014_aarch64.whl", hash = "sha256:9be002b31c558d1ddf1b9b415b162c603405414bacd6932d031c5b5a8b757f0d"},
    {file = "contourpy-1.3.2-cp310-cp310-manylinux_2_17_ppc64le.manylinux2014_ppc64le.whl", hash = "sha256:8d2e74acbcba3bfdb6d9d8384cdc4f9260cae86ed9beee8bd5f54fee49a430b9"},
    {file = "contourpy-1.3.2-cp310-cp310-manylinux_2_17_s390x.manylinux2014_s390x.whl", hash = "sha256:e259bced5549ac64410162adc973c5e2fb77f04df4a439d00b478e57a0e65512"},
    {file = "contourpy-1.3.2-cp310-cp310-manylinux_2_17_x86_64.manylinux2014_x86_64.whl", hash = "sha256:ad687a04bc802cbe8b9c399c07162a3c35e227e2daccf1668eb1f278cb698631"},
    {file = "contourpy-1.3.2-cp310-cp310-musllinux_1_2_aarch64.whl", hash = "sha256:cdd22595308f53ef2f891040ab2b93d79192513ffccbd7fe19be7aa773a5e09f"},
    {file = "contourpy-1.3.2-cp310-cp310-musllinux_1_2_x86_64.whl", hash = "sha256:b4f54d6a2defe9f257327b0f243612dd051cc43825587520b1bf74a31e2f6ef2"},
    {file = "contourpy-1.3.2-cp310-cp310-win32.whl", hash = "sha256:f939a054192ddc596e031e50bb13b657ce318cf13d264f095ce9db7dc6ae81c0"},
    {file = "contourpy-1.3.2-cp310-cp310-win_amd64.whl", hash = "sha256:c440093bbc8fc21c637c03bafcbef95ccd963bc6e0514ad887932c18ca2a759a"},
    {file = "contourpy-1.3.2-pp310-pypy310_pp73-macosx_10_15_x86_64.whl", hash = "sha256:fd93cc7f3139b6dd7aab2f26a90dde0aa9fc264dbf70f6740d498a70b860b82c"},
    {file = "contourpy-1.3.2-pp310-pypy310_pp73-manylinux_2_17_x86_64.manylinux2014_x86_64.whl", hash = "sha256:107ba8a6a7eec58bb475329e6d3b95deba9440667c4d62b9b6063942b61d7f16"},
    {file = "contourpy-1.3.2-pp310-pypy310_pp73-win_amd64.whl", hash = "sha256:ded1706ed0c1049224531b81128efbd5084598f18d8a2d9efae833edbd2b40ad"},
    {file = "contourpy-1.3.2.tar.gz", hash = "sha256:b6945942715a034c671b7fc54f9588126b0b8bf23db2696e3ca8328f3ff0ab54"},
]

[[package]]
name = "cycler"
version = "0.12.1"
requires_python = ">=3.8"
summary = "Composable style cycles"
groups = ["default"]
marker = "python_version >= \"3.10\" and python_version < \"3.11\""
files = [
    {file = "cycler-0.12.1-py3-none-any.whl", hash = "sha256:85cef7cff222d8644161529808465972e51340599459b8ac3ccbac5a854e0d30"},
    {file = "cycler-0.12.1.tar.gz", hash = "sha256:88bb128f02ba341da8ef447245a9e138fae777f6a23943da4540077d3601eb1c"},
]

[[package]]
name = "fonttools"
version = "4.59.0"
requires_python = ">=3.9"
summary = "Tools to manipulate font files"
groups = ["default"]
marker = "python_version >= \"3.10\" and python_version < \"3.11\""
files = [
    {file = "fonttools-4.59.0-cp310-cp310-macosx_10_9_universal2.whl", hash = "sha256:524133c1be38445c5c0575eacea42dbd44374b310b1ffc4b60ff01d881fabb96"},
    {file = "fonttools-4.59.0-cp310-cp310-macosx_10_9_x86_64.whl", hash = "sha256:21e606b2d38fed938dde871c5736822dd6bda7a4631b92e509a1f5cd1b90c5df"},
    {file = "fonttools-4.59.0-cp310-cp310-manylinux2014_aarch64.manylinux_2_17_aarch64.manylinux_2_28_aarch64.whl", hash = "sha256:e93df708c69a193fc7987192f94df250f83f3851fda49413f02ba5dded639482"},
    {file = "fonttools-4.59.0-cp310-cp310-manylinux2014_x86_64.manylinux_2_17_x86_64.whl", hash = "sha256:62224a9bb85b4b66d1b46d45cbe43d71cbf8f527d332b177e3b96191ffbc1e64"},
    {file = "fonttools-4.59.0-cp310-cp310-musllinux_1_2_aarch64.whl", hash = "sha256:b8974b2a266b54c96709bd5e239979cddfd2dbceed331aa567ea1d7c4a2202db"},
    {file = "fonttools-4.59.0-cp310-cp310-musllinux_1_2_x86_64.whl", hash = "sha256:209b75943d158f610b78320eacb5539aa9e920bee2c775445b2846c65d20e19d"},
    {file = "fonttools-4.59.0-cp310-cp310-win32.whl", hash = "sha256:4c908a7036f0f3677f8afa577bcd973e3e20ddd2f7c42a33208d18bee95cdb6f"},
    {file = "fonttools-4.59.0-cp310-cp310-win_amd64.whl", hash = "sha256:8b4309a2775e4feee7356e63b163969a215d663399cce1b3d3b65e7ec2d9680e"},
    {file = "fonttools-4.59.0-py3-none-any.whl", hash = "sha256:241313683afd3baacb32a6bd124d0bce7404bc5280e12e291bae1b9bba28711d"},
    {file = "fonttools-4.59.0.tar.gz", hash = "sha256:be392ec3529e2f57faa28709d60723a763904f71a2b63aabe14fee6648fe3b14"},
]

[[package]]
name = "imageio"
version = "2.37.0"
requires_python = ">=3.9"
summary = "Library for reading and writing a wide range of image, video, scientific, and volumetric data formats."
groups = ["default"]
marker = "python_version >= \"3.10\" and python_version < \"3.11\""
dependencies = [
    "numpy",
    "pillow>=8.3.2",
]
files = [
    {file = "imageio-2.37.0-py3-none-any.whl", hash = "sha256:11efa15b87bc7871b61590326b2d635439acc321cf7f8ce996f812543ce10eed"},
    {file = "imageio-2.37.0.tar.gz", hash = "sha256:71b57b3669666272c818497aebba2b4c5f20d5b37c81720e5e1a56d59c492996"},
]

[[package]]
name = "kiwisolver"
version = "1.4.9"
requires_python = ">=3.10"
summary = "A fast implementation of the Cassowary constraint solver"
groups = ["default"]
marker = "python_version >= \"3.10\" and python_version < \"3.11\""
files = [
    {file = "kiwisolver-1.4.9-cp310-cp310-macosx_10_9_universal2.whl", hash = "sha256:b4b4d74bda2b8ebf4da5bd42af11d02d04428b2c32846e4c2c93219df8a7987b"},
    {file = "kiwisolver-1.4.9-cp310-cp310-macosx_10_9_x86_64.whl", hash = "sha256:fb3b8132019ea572f4611d770991000d7f58127560c4889729248eb5852a102f"},
    {file = "kiwisolver-1.4.9-cp310-cp310-macosx_11_0_arm64.whl", hash = "sha256:84fd60810829c27ae375114cd379da1fa65e6918e1da405f356a775d49a62bcf"},
    {file = "kiwisolver-1.4.9-cp310-cp310-manylinux_2_12_x86_64.manylinux2010_x86_64.whl", hash = "sha256:b78efa4c6e804ecdf727e580dbb9cba85624d2e1c6b5cb059c66290063bd99a9"},
    {file = "kiwisolver-1.4.9-cp310-cp310-manylinux_2_24_aarch64.manylinux_2_28_aarch64.whl", hash = "sha256:d4efec7bcf21671db6a3294ff301d2fc861c31faa3c8740d1a94689234d1b415"},
    {file = "kiwisolver-1.4.9-cp310-cp310-manylinux_2_24_ppc64le.manylinux_2_28_ppc64le.whl", hash = "sha256:90f47e70293fc3688b71271100a1a5453aa9944a81d27ff779c108372cf5567b"},
    {file = "kiwisolver-1.4.9-cp310-cp310-manylinux_2_24_s390x.manylinux_2_28_s390x.whl", hash = "sha256:8fdca1def57a2e88ef339de1737a1449d6dbf5fab184c54a1fca01d541317154"},
    {file = "kiwisolver-1.4.9-cp310-cp310-musllinux_1_2_aarch64.whl", hash = "sha256:9cf554f21be770f5111a1690d42313e140355e687e05cf82cb23d0a721a64a48"},
    {file = "kiwisolver-1.4.9-cp310-cp310-musllinux_1_2_ppc64le.whl", hash = "sha256:fc1795ac5cd0510207482c3d1d3ed781143383b8cfd36f5c645f3897ce066220"},
    {file = "kiwisolver-1.4.9-cp310-cp310-musllinux_1_2_s390x.whl", hash = "sha256:ccd09f20ccdbbd341b21a67ab50a119b64a403b09288c27481575105283c1586"},
    {file = "kiwisolver-1.4.9-cp310-cp310-musllinux_1_2_x86_64.whl", hash = "sha256:540c7c72324d864406a009d72f5d6856f49693db95d1fbb46cf86febef873634"},
    {file = "kiwisolver-1.4.9-cp310-cp310-win_amd64.whl", hash = "sha256:ede8c6d533bc6601a47ad4046080d36b8fc99f81e6f1c17b0ac3c2dc91ac7611"},
    {file = "kiwisolver-1.4.9-cp310-cp310-win_arm64.whl", hash = "sha256:7b4da0d01ac866a57dd61ac258c5607b4cd677f63abaec7b148354d2b2cdd536"},
    {file = "kiwisolver-1.4.9-pp310-pypy310_pp73-macosx_10_15_x86_64.whl", hash = "sha256:4d1d9e582ad4d63062d34077a9a1e9f3c34088a2ec5135b1f7190c07cf366527"},
    {file = "kiwisolver-1.4.9-pp310-pypy310_pp73-macosx_11_0_arm64.whl", hash = "sha256:deed0c7258ceb4c44ad5ec7d9918f9f14fd05b2be86378d86cf50e63d1e7b771"},
    {file = "kiwisolver-1.4.9-pp310-pypy310_pp73-manylinux2014_x86_64.manylinux_2_17_x86_64.whl", hash = "sha256:0a590506f303f512dff6b7f75fd2fd18e16943efee932008fe7140e5fa91d80e"},
    {file = "kiwisolver-1.4.9-pp310-pypy310_pp73-manylinux_2_24_aarch64.manylinux_2_28_aarch64.whl", hash = "sha256:e09c2279a4d01f099f52d5c4b3d9e208e91edcbd1a175c9662a8b16e000fece9"},
    {file = "kiwisolver-1.4.9-pp310-pypy310_pp73-win_amd64.whl", hash = "sha256:c9e7cdf45d594ee04d5be1b24dd9d49f3d1590959b2271fb30b5ca2b262c00fb"},
    {file = "kiwisolver-1.4.9.tar.gz", hash = "sha256:c3b22c26c6fd6811b0ae8363b95ca8ce4ea3c202d3d0975b2914310ceb1bcc4d"},
]

[[package]]
name = "markdown-it-py"
version = "4.0.0"
requires_python = ">=3.10"
summary = "Python port of markdown-it. Markdown parsing, done right!"
groups = ["default"]
marker = "python_version >= \"3.10\" and python_version < \"3.11\""
dependencies = [
    "mdurl~=0.1",
]
files = [
    {file = "markdown_it_py-4.0.0-py3-none-any.whl", hash = "sha256:87327c59b172c5011896038353a81343b6754500a08cd7a4973bb48c6d578147"},
    {file = "markdown_it_py-4.0.0.tar.gz", hash = "sha256:cb0a2b4aa34f932c007117b194e945bd74e0ec24133ceb5bac59009cda1cb9f3"},
]

[[package]]
name = "matplotlib"
version = "3.10.5"
requires_python = ">=3.10"
summary = "Python plotting package"
groups = ["default"]
marker = "python_version >= \"3.10\" and python_version < \"3.11\""
dependencies = [
    "contourpy>=1.0.1",
    "cycler>=0.10",
    "fonttools>=4.22.0",
    "kiwisolver>=1.3.1",
    "numpy>=1.23",
    "packaging>=20.0",
    "pillow>=8",
    "pyparsing>=2.3.1",
    "python-dateutil>=2.7",
]
files = [
    {file = "matplotlib-3.10.5-cp310-cp310-macosx_10_12_x86_64.whl", hash = "sha256:5d4773a6d1c106ca05cb5a5515d277a6bb96ed09e5c8fab6b7741b8fcaa62c8f"},
    {file = "matplotlib-3.10.5-cp310-cp310-macosx_11_0_arm64.whl", hash = "sha256:dc88af74e7ba27de6cbe6faee916024ea35d895ed3d61ef6f58c4ce97da7185a"},
    {file = "matplotlib-3.10.5-cp310-cp310-manylinux2014_x86_64.manylinux_2_17_x86_64.whl", hash = "sha256:64c4535419d5617f7363dad171a5a59963308e0f3f813c4bed6c9e6e2c131512"},
    {file = "matplotlib-3.10.5-cp310-cp310-manylinux_2_27_aarch64.manylinux_2_28_aarch64.whl", hash = "sha256:a277033048ab22d34f88a3c5243938cef776493f6201a8742ed5f8b553201343"},
    {file = "matplotlib-3.10.5-cp310-cp310-musllinux_1_2_x86_64.whl", hash = "sha256:e4a6470a118a2e93022ecc7d3bd16b3114b2004ea2bf014fff875b3bc99b70c6"},
    {file = "matplotlib-3.10.5-cp310-cp310-win_amd64.whl", hash = "sha256:7e44cada61bec8833c106547786814dd4a266c1b2964fd25daa3804f1b8d4467"},
    {file = "matplotlib-3.10.5-pp310-pypy310_pp73-macosx_10_15_x86_64.whl", hash = "sha256:b5fa2e941f77eb579005fb804026f9d0a1082276118d01cc6051d0d9626eaa7f"},
    {file = "matplotlib-3.10.5-pp310-pypy310_pp73-macosx_11_0_arm64.whl", hash = "sha256:1fc0d2a3241cdcb9daaca279204a3351ce9df3c0e7e621c7e04ec28aaacaca30"},
    {file = "matplotlib-3.10.5-pp310-pypy310_pp73-manylinux2014_x86_64.manylinux_2_17_x86_64.whl", hash = "sha256:8dee65cb1424b7dc982fe87895b5613d4e691cc57117e8af840da0148ca6c1d7"},
    {file = "matplotlib-3.10.5.tar.gz", hash = "sha256:352ed6ccfb7998a00881692f38b4ca083c691d3e275b4145423704c34c909076"},
]

[[package]]
name = "mdurl"
version = "0.1.2"
requires_python = ">=3.7"
summary = "Markdown URL utilities"
groups = ["default"]
marker = "python_version >= \"3.10\" and python_version < \"3.11\""
files = [
    {file = "mdurl-0.1.2-py3-none-any.whl", hash = "sha256:84008a41e51615a49fc9966191ff91509e3c40b939176e643fd50a5c2196b8f8"},
    {file = "mdurl-0.1.2.tar.gz", hash = "sha256:bb413d29f5eea38f31dd4754dd7377d4465116fb207585f97bf925588687c1ba"},
]

[[package]]
name = "networkx"
version = "3.4.2"
requires_python = ">=3.10"
summary = "Python package for creating and manipulating graphs and networks"
groups = ["default"]
marker = "python_version >= \"3.10\" and python_version < \"3.11\""
files = [
    {file = "networkx-3.4.2-py3-none-any.whl", hash = "sha256:df5d4365b724cf81b8c6a7312509d0c22386097011ad1abe274afd5e9d3bbc5f"},
    {file = "networkx-3.4.2.tar.gz", hash = "sha256:307c3669428c5362aab27c8a1260aa8f47c4e91d3891f48be0141738d8d053e1"},
]

[[package]]
name = "numpy"
version = "2.2.6"
requires_python = ">=3.10"
summary = "Fundamental package for array computing in Python"
groups = ["default"]
marker = "python_version >= \"3.10\" and python_version < \"3.11\""
files = [
    {file = "numpy-2.2.6-cp310-cp310-macosx_10_9_x86_64.whl", hash = "sha256:b412caa66f72040e6d268491a59f2c43bf03eb6c96dd8f0307829feb7fa2b6fb"},
    {file = "numpy-2.2.6-cp310-cp310-macosx_11_0_arm64.whl", hash = "sha256:8e41fd67c52b86603a91c1a505ebaef50b3314de0213461c7a6e99c9a3beff90"},
    {file = "numpy-2.2.6-cp310-cp310-macosx_14_0_arm64.whl", hash = "sha256:37e990a01ae6ec7fe7fa1c26c55ecb672dd98b19c3d0e1d1f326fa13cb38d163"},
    {file = "numpy-2.2.6-cp310-cp310-macosx_14_0_x86_64.whl", hash = "sha256:5a6429d4be8ca66d889b7cf70f536a397dc45ba6faeb5f8c5427935d9592e9cf"},
    {file = "numpy-2.2.6-cp310-cp310-manylinux_2_17_aarch64.manylinux2014_aarch64.whl", hash = "sha256:efd28d4e9cd7d7a8d39074a4d44c63eda73401580c5c76acda2ce969e0a38e83"},
    {file = "numpy-2.2.6-cp310-cp310-manylinux_2_17_x86_64.manylinux2014_x86_64.whl", hash = "sha256:fc7b73d02efb0e18c000e9ad8b83480dfcd5dfd11065997ed4c6747470ae8915"},
    {file = "numpy-2.2.6-cp310-cp310-musllinux_1_2_aarch64.whl", hash = "sha256:74d4531beb257d2c3f4b261bfb0fc09e0f9ebb8842d82a7b4209415896adc680"},
    {file = "numpy-2.2.6-cp310-cp310-musllinux_1_2_x86_64.whl", hash = "sha256:8fc377d995680230e83241d8a96def29f204b5782f371c532579b4f20607a289"},
    {file = "numpy-2.2.6-cp310-cp310-win32.whl", hash = "sha256:b093dd74e50a8cba3e873868d9e93a85b78e0daf2e98c6797566ad8044e8363d"},
    {file = "numpy-2.2.6-cp310-cp310-win_amd64.whl", hash = "sha256:f0fd6321b839904e15c46e0d257fdd101dd7f530fe03fd6359c1ea63738703f3"},
    {file = "numpy-2.2.6-pp310-pypy310_pp73-macosx_10_15_x86_64.whl", hash = "sha256:0b605b275d7bd0c640cad4e5d30fa701a8d59302e127e5f79138ad62762c3e3d"},
    {file = "numpy-2.2.6-pp310-pypy310_pp73-macosx_14_0_x86_64.whl", hash = "sha256:7befc596a7dc9da8a337f79802ee8adb30a552a94f792b9c9d18c840055907db"},
    {file = "numpy-2.2.6-pp310-pypy310_pp73-manylinux_2_17_x86_64.manylinux2014_x86_64.whl", hash = "sha256:ce47521a4754c8f4593837384bd3424880629f718d87c5d44f8ed763edd63543"},
    {file = "numpy-2.2.6-pp310-pypy310_pp73-win_amd64.whl", hash = "sha256:d042d24c90c41b54fd506da306759e06e568864df8ec17ccc17e9e884634fd00"},
    {file = "numpy-2.2.6.tar.gz", hash = "sha256:e29554e2bef54a90aa5cc07da6ce955accb83f21ab5de01a62c8478897b264fd"},
]

[[package]]
name = "packaging"
version = "25.0"
requires_python = ">=3.8"
summary = "Core utilities for Python packages"
groups = ["default"]
marker = "python_version >= \"3.10\" and python_version < \"3.11\""
files = [
    {file = "packaging-25.0-py3-none-any.whl", hash = "sha256:29572ef2b1f17581046b3a2227d5c611fb25ec70ca1ba8554b24b0e69331a484"},
    {file = "packaging-25.0.tar.gz", hash = "sha256:d443872c98d677bf60f6a1f2f8c1cb748e8fe762d2bf9d3148b5599295b0fc4f"},
]

[[package]]
name = "pillow"
version = "11.3.0"
requires_python = ">=3.9"
summary = "Python Imaging Library (Fork)"
groups = ["default"]
marker = "python_version >= \"3.10\" and python_version < \"3.11\""
files = [
    {file = "pillow-11.3.0-cp310-cp310-macosx_10_10_x86_64.whl", hash = "sha256:1b9c17fd4ace828b3003dfd1e30bff24863e0eb59b535e8f80194d9cc7ecf860"},
    {file = "pillow-11.3.0-cp310-cp310-macosx_11_0_arm64.whl", hash = "sha256:65dc69160114cdd0ca0f35cb434633c75e8e7fad4cf855177a05bf38678f73ad"},
    {file = "pillow-11.3.0-cp310-cp310-manylinux2014_aarch64.manylinux_2_17_aarch64.whl", hash = "sha256:7107195ddc914f656c7fc8e4a5e1c25f32e9236ea3ea860f257b0436011fddd0"},
    {file = "pillow-11.3.0-cp310-cp310-manylinux2014_x86_64.manylinux_2_17_x86_64.whl", hash = "sha256:cc3e831b563b3114baac7ec2ee86819eb03caa1a2cef0b481a5675b59c4fe23b"},
    {file = "pillow-11.3.0-cp310-cp310-manylinux_2_27_aarch64.manylinux_2_28_aarch64.whl", hash = "sha256:f1f182ebd2303acf8c380a54f615ec883322593320a9b00438eb842c1f37ae50"},
    {file = "pillow-11.3.0-cp310-cp310-manylinux_2_27_x86_64.manylinux_2_28_x86_64.whl", hash = "sha256:4445fa62e15936a028672fd48c4c11a66d641d2c05726c7ec1f8ba6a572036ae"},
    {file = "pillow-11.3.0-cp310-cp310-musllinux_1_2_aarch64.whl", hash = "sha256:71f511f6b3b91dd543282477be45a033e4845a40278fa8dcdbfdb07109bf18f9"},
    {file = "pillow-11.3.0-cp310-cp310-musllinux_1_2_x86_64.whl", hash = "sha256:040a5b691b0713e1f6cbe222e0f4f74cd233421e105850ae3b3c0ceda520f42e"},
    {file = "pillow-11.3.0-cp310-cp310-win32.whl", hash = "sha256:89bd777bc6624fe4115e9fac3352c79ed60f3bb18651420635f26e643e3dd1f6"},
    {file = "pillow-11.3.0-cp310-cp310-win_amd64.whl", hash = "sha256:19d2ff547c75b8e3ff46f4d9ef969a06c30ab2d4263a9e287733aa8b2429ce8f"},
    {file = "pillow-11.3.0-cp310-cp310-win_arm64.whl", hash = "sha256:819931d25e57b513242859ce1876c58c59dc31587847bf74cfe06b2e0cb22d2f"},
    {file = "pillow-11.3.0-pp310-pypy310_pp73-macosx_10_15_x86_64.whl", hash = "sha256:3cee80663f29e3843b68199b9d6f4f54bd1d4a6b59bdd91bceefc51238bcb967"},
    {file = "pillow-11.3.0-pp310-pypy310_pp73-macosx_11_0_arm64.whl", hash = "sha256:b5f56c3f344f2ccaf0dd875d3e180f631dc60a51b314295a3e681fe8cf851fbe"},
    {file = "pillow-11.3.0-pp310-pypy310_pp73-manylinux2014_aarch64.manylinux_2_17_aarch64.whl", hash = "sha256:e67d793d180c9df62f1f40aee3accca4829d3794c95098887edc18af4b8b780c"},
    {file = "pillow-11.3.0-pp310-pypy310_pp73-manylinux2014_x86_64.manylinux_2_17_x86_64.whl", hash = "sha256:d000f46e2917c705e9fb93a3606ee4a819d1e3aa7a9b442f6444f07e77cf5e25"},
    {file = "pillow-11.3.0-pp310-pypy310_pp73-manylinux_2_27_aarch64.manylinux_2_28_aarch64.whl", hash = "sha256:527b37216b6ac3a12d7838dc3bd75208ec57c1c6d11ef01902266a5a0c14fc27"},
    {file = "pillow-11.3.0-pp310-pypy310_pp73-manylinux_2_27_x86_64.manylinux_2_28_x86_64.whl", hash = "sha256:be5463ac478b623b9dd3937afd7fb7ab3d79dd290a28e2b6df292dc75063eb8a"},
    {file = "pillow-11.3.0-pp310-pypy310_pp73-win_amd64.whl", hash = "sha256:8dc70ca24c110503e16918a658b869019126ecfe03109b754c402daff12b3d9f"},
    {file = "pillow-11.3.0.tar.gz", hash = "sha256:3828ee7586cd0b2091b6209e5ad53e20d0649bbe87164a459d0676e035e8f523"},
]

[[package]]
name = "pygments"
version = "2.19.2"
requires_python = ">=3.8"
summary = "Pygments is a syntax highlighting package written in Python."
groups = ["default"]
marker = "python_version >= \"3.10\" and python_version < \"3.11\""
files = [
    {file = "pygments-2.19.2-py3-none-any.whl", hash = "sha256:86540386c03d588bb81d44bc3928634ff26449851e99741617ecb9037ee5ec0b"},
    {file = "pygments-2.19.2.tar.gz", hash = "sha256:636cb2477cec7f8952536970bc533bc43743542f70392ae026374600add5b887"},
]

[[package]]
name = "pyparsing"
version = "3.2.3"
requires_python = ">=3.9"
summary = "pyparsing module - Classes and methods to define and execute parsing grammars"
groups = ["default"]
marker = "python_version >= \"3.10\" and python_version < \"3.11\""
files = [
    {file = "pyparsing-3.2.3-py3-none-any.whl", hash = "sha256:a749938e02d6fd0b59b356ca504a24982314bb090c383e3cf201c95ef7e2bfcf"},
    {file = "pyparsing-3.2.3.tar.gz", hash = "sha256:b9c13f1ab8b3b542f72e28f634bad4de758ab3ce4546e4301970ad6fa77c38be"},
]

[[package]]
name = "python-dateutil"
version = "2.9.0.post0"
requires_python = "!=3.0.*,!=3.1.*,!=3.2.*,>=2.7"
summary = "Extensions to the standard Python datetime module"
groups = ["default"]
marker = "python_version >= \"3.10\" and python_version < \"3.11\""
dependencies = [
    "six>=1.5",
]
files = [
    {file = "python-dateutil-2.9.0.post0.tar.gz", hash = "sha256:37dd54208da7e1cd875388217d5e00ebd4179249f90fb72437e91a35459a0ad3"},
    {file = "python_dateutil-2.9.0.post0-py2.py3-none-any.whl", hash = "sha256:a8b2bc7bffae282281c8140a97d3aa9c14da0b136dfe83f850eea9a5f7470427"},
]

[[package]]
name = "rich"
version = "14.1.0"
requires_python = ">=3.8.0"
summary = "Render rich text, tables, progress bars, syntax highlighting, markdown and more to the terminal"
groups = ["default"]
marker = "python_version >= \"3.10\" and python_version < \"3.11\""
dependencies = [
    "markdown-it-py>=2.2.0",
    "pygments<3.0.0,>=2.13.0",
]
files = [
    {file = "rich-14.1.0-py3-none-any.whl", hash = "sha256:536f5f1785986d6dbdea3c75205c473f970777b4a0d6c6dd1b696aa05a3fa04f"},
    {file = "rich-14.1.0.tar.gz", hash = "sha256:e497a48b844b0320d45007cdebfeaeed8db2a4f4bcf49f15e455cfc4af11eaa8"},
]

[[package]]
name = "scipy"
version = "1.15.3"
requires_python = ">=3.10"
summary = "Fundamental algorithms for scientific computing in Python"
groups = ["default"]
marker = "python_version >= \"3.10\" and python_version < \"3.11\""
dependencies = [
    "numpy<2.5,>=1.23.5",
]
files = [
    {file = "scipy-1.15.3-cp310-cp310-macosx_10_13_x86_64.whl", hash = "sha256:a345928c86d535060c9c2b25e71e87c39ab2f22fc96e9636bd74d1dbf9de448c"},
    {file = "scipy-1.15.3-cp310-cp310-macosx_12_0_arm64.whl", hash = "sha256:ad3432cb0f9ed87477a8d97f03b763fd1d57709f1bbde3c9369b1dff5503b253"},
    {file = "scipy-1.15.3-cp310-cp310-macosx_14_0_arm64.whl", hash = "sha256:aef683a9ae6eb00728a542b796f52a5477b78252edede72b8327a886ab63293f"},
    {file = "scipy-1.15.3-cp310-cp310-macosx_14_0_x86_64.whl", hash = "sha256:1c832e1bd78dea67d5c16f786681b28dd695a8cb1fb90af2e27580d3d0967e92"},
    {file = "scipy-1.15.3-cp310-cp310-manylinux_2_17_aarch64.manylinux2014_aarch64.whl", hash = "sha256:263961f658ce2165bbd7b99fa5135195c3a12d9bef045345016b8b50c315cb82"},
    {file = "scipy-1.15.3-cp310-cp310-manylinux_2_17_x86_64.manylinux2014_x86_64.whl", hash = "sha256:9e2abc762b0811e09a0d3258abee2d98e0c703eee49464ce0069590846f31d40"},
    {file = "scipy-1.15.3-cp310-cp310-musllinux_1_2_aarch64.whl", hash = "sha256:ed7284b21a7a0c8f1b6e5977ac05396c0d008b89e05498c8b7e8f4a1423bba0e"},
    {file = "scipy-1.15.3-cp310-cp310-musllinux_1_2_x86_64.whl", hash = "sha256:5380741e53df2c566f4d234b100a484b420af85deb39ea35a1cc1be84ff53a5c"},
    {file = "scipy-1.15.3-cp310-cp310-win_amd64.whl", hash = "sha256:9d61e97b186a57350f6d6fd72640f9e99d5a4a2b8fbf4b9ee9a841eab327dc13"},
    {file = "scipy-1.15.3.tar.gz", hash = "sha256:eae3cf522bc7df64b42cad3925c876e1b0b6c35c1337c93e12c0f366f55b0eaf"},
]

[[package]]
name = "shellingham"
version = "1.5.4"
requires_python = ">=3.7"
summary = "Tool to Detect Surrounding Shell"
groups = ["default"]
marker = "python_version >= \"3.10\" and python_version < \"3.11\""
files = [
    {file = "shellingham-1.5.4-py2.py3-none-any.whl", hash = "sha256:7ecfff8f2fd72616f7481040475a65b2bf8af90a56c89140852d1120324e8686"},
    {file = "shellingham-1.5.4.tar.gz", hash = "sha256:8dbca0739d487e5bd35ab3ca4b36e11c4078f3a234bfce294b0a0291363404de"},
]

[[package]]
name = "six"
version = "1.17.0"
requires_python = "!=3.0.*,!=3.1.*,!=3.2.*,>=2.7"
summary = "Python 2 and 3 compatibility utilities"
groups = ["default"]
marker = "python_version >= \"3.10\" and python_version < \"3.11\""
files = [
    {file = "six-1.17.0-py2.py3-none-any.whl", hash = "sha256:4721f391ed90541fddacab5acf947aa0d3dc7d27b2e1e8eda2be8970586c3274"},
    {file = "six-1.17.0.tar.gz", hash = "sha256:ff70335d468e7eb6ec65b95b99d3a2836546063f63acc5171de367e834932a81"},
]

[[package]]
name = "typer"
version = "0.16.0"
requires_python = ">=3.7"
summary = "Typer, build great CLIs. Easy to code. Based on Python type hints."
groups = ["default"]
marker = "python_version >= \"3.10\" and python_version < \"3.11\""
dependencies = [
    "click>=8.0.0",
    "rich>=10.11.0",
    "shellingham>=1.3.0",
    "typing-extensions>=3.7.4.3",
]
files = [
    {file = "typer-0.16.0-py3-none-any.whl", hash = "sha256:1f79bed11d4d02d4310e3c1b7ba594183bcedb0ac73b27a9e5f28f6fb5b98855"},
    {file = "typer-0.16.0.tar.gz", hash = "sha256:af377ffaee1dbe37ae9440cb4e8f11686ea5ce4e9bae01b84ae7c63b87f1dd3b"},
]

[[package]]
name = "typing-extensions"
version = "4.14.1"
requires_python = ">=3.9"
summary = "Backported and Experimental Type Hints for Python 3.9+"
groups = ["default"]
marker = "python_version >= \"3.10\" and python_version < \"3.11\""
files = [
    {file = "typing_extensions-4.14.1-py3-none-any.whl", hash = "sha256:d1e1e3b58374dc93031d6eda2420a48ea44a36c2b4766a4fdeb3710755731d76"},
    {file = "typing_extensions-4.14.1.tar.gz", hash = "sha256:38b39f4aeeab64884ce9f74c94263ef78f3c22467c8724005483154c26648d36"},
]
